// !$*UTF8*$!
{
	archiveVersion = 1;
	classes = {
	};
	objectVersion = 51;
	objects = {

/* Begin PBXBuildFile section */
		4C088C20255AFAC3001CF008 /* RoundedImage.swift in Sources */ = {isa = PBXBuildFile; fileRef = 4C088C1F255AFAC3001CF008 /* RoundedImage.swift */; };
		4C088C28255B95C0001CF008 /* Message.swift in Sources */ = {isa = PBXBuildFile; fileRef = 4C088C27255B95C0001CF008 /* Message.swift */; };
		4C0E24602558664700EE12F5 /* Home.storyboard in Resources */ = {isa = PBXBuildFile; fileRef = 4C0E245F2558664700EE12F5 /* Home.storyboard */; };
		4C0E24652558665C00EE12F5 /* HomeViewController.swift in Sources */ = {isa = PBXBuildFile; fileRef = 4C0E24642558665C00EE12F5 /* HomeViewController.swift */; };
		4C0E24702558677900EE12F5 /* ChatTableCell.swift in Sources */ = {isa = PBXBuildFile; fileRef = 4C0E246F2558677900EE12F5 /* ChatTableCell.swift */; };
		4C0E247925586C8A00EE12F5 /* User.swift in Sources */ = {isa = PBXBuildFile; fileRef = 4C0E247825586C8A00EE12F5 /* User.swift */; };
		4C0E247F2558716A00EE12F5 /* TabBarController.swift in Sources */ = {isa = PBXBuildFile; fileRef = 4C0E247E2558716A00EE12F5 /* TabBarController.swift */; };
		4C0E2487255871C100EE12F5 /* TabBar.storyboard in Resources */ = {isa = PBXBuildFile; fileRef = 4C0E2486255871C100EE12F5 /* TabBar.storyboard */; };
		4C0E248D255873E700EE12F5 /* SettingsViewController.swift in Sources */ = {isa = PBXBuildFile; fileRef = 4C0E248C255873E700EE12F5 /* SettingsViewController.swift */; };
		4C0E2495255873F200EE12F5 /* Settings.storyboard in Resources */ = {isa = PBXBuildFile; fileRef = 4C0E2494255873F100EE12F5 /* Settings.storyboard */; };
		4C0E249A2558763E00EE12F5 /* SettingsTableViewCell.swift in Sources */ = {isa = PBXBuildFile; fileRef = 4C0E24992558763E00EE12F5 /* SettingsTableViewCell.swift */; };
		4C0E24A025587FBC00EE12F5 /* MessagesViewController.swift in Sources */ = {isa = PBXBuildFile; fileRef = 4C0E249F25587FBC00EE12F5 /* MessagesViewController.swift */; };
		4C0E24A525587FC600EE12F5 /* Messages.storyboard in Resources */ = {isa = PBXBuildFile; fileRef = 4C0E24A425587FC600EE12F5 /* Messages.storyboard */; };
		4C0E24AA255883BF00EE12F5 /* MessageTableCell.swift in Sources */ = {isa = PBXBuildFile; fileRef = 4C0E24A9255883BF00EE12F5 /* MessageTableCell.swift */; };
		4C1B42B125584D6A006F2482 /* AppDelegate.swift in Sources */ = {isa = PBXBuildFile; fileRef = 4C1B42B025584D6A006F2482 /* AppDelegate.swift */; };
		4C1B42B325584D6A006F2482 /* SceneDelegate.swift in Sources */ = {isa = PBXBuildFile; fileRef = 4C1B42B225584D6A006F2482 /* SceneDelegate.swift */; };
		4C1B42B525584D6A006F2482 /* ViewController.swift in Sources */ = {isa = PBXBuildFile; fileRef = 4C1B42B425584D6A006F2482 /* ViewController.swift */; };
		4C1B42B825584D6A006F2482 /* Main.storyboard in Resources */ = {isa = PBXBuildFile; fileRef = 4C1B42B625584D6A006F2482 /* Main.storyboard */; };
		4C1B42BA25584D6B006F2482 /* Assets.xcassets in Resources */ = {isa = PBXBuildFile; fileRef = 4C1B42B925584D6B006F2482 /* Assets.xcassets */; };
		4C1B42BD25584D6B006F2482 /* LaunchScreen.storyboard in Resources */ = {isa = PBXBuildFile; fileRef = 4C1B42BB25584D6B006F2482 /* LaunchScreen.storyboard */; };
		4C1B42C825584D6B006F2482 /* iChatTests.swift in Sources */ = {isa = PBXBuildFile; fileRef = 4C1B42C725584D6B006F2482 /* iChatTests.swift */; };
		4C1B42D325584D6B006F2482 /* iChatUITests.swift in Sources */ = {isa = PBXBuildFile; fileRef = 4C1B42D225584D6B006F2482 /* iChatUITests.swift */; };
		4C1B42E425584E07006F2482 /* RoundedView.swift in Sources */ = {isa = PBXBuildFile; fileRef = 4C1B42E325584E07006F2482 /* RoundedView.swift */; };
		4C1B42E92558632F006F2482 /* RoundedButton.swift in Sources */ = {isa = PBXBuildFile; fileRef = 4C1B42E82558632F006F2482 /* RoundedButton.swift */; };
		4C524D102559FD60006B1D7F /* FriendsViewController.swift in Sources */ = {isa = PBXBuildFile; fileRef = 4C524D0F2559FD60006B1D7F /* FriendsViewController.swift */; };
		4C524D182559FD6D006B1D7F /* Friends.storyboard in Resources */ = {isa = PBXBuildFile; fileRef = 4C524D172559FD6D006B1D7F /* Friends.storyboard */; };
		4C524D1E255A0CBA006B1D7F /* FriendsTableViewCell.swift in Sources */ = {isa = PBXBuildFile; fileRef = 4C524D1D255A0CBA006B1D7F /* FriendsTableViewCell.swift */; };
		4C6CCA992558C4B4002DC0F4 /* GoogleService-Info.plist in Resources */ = {isa = PBXBuildFile; fileRef = 4C6CCA982558C4B4002DC0F4 /* GoogleService-Info.plist */; };
		4C800BC82558BF6600957F0F /* RegisterViewController.swift in Sources */ = {isa = PBXBuildFile; fileRef = 4C800BC72558BF6600957F0F /* RegisterViewController.swift */; };
		4C800BD02558BF7700957F0F /* Register.storyboard in Resources */ = {isa = PBXBuildFile; fileRef = 4C800BCF2558BF7700957F0F /* Register.storyboard */; };
		4CA57E40255E515400E65DAE /* ChatActivate.swift in Sources */ = {isa = PBXBuildFile; fileRef = 4CA57E3F255E515400E65DAE /* ChatActivate.swift */; };
		4CF4A0732558D78B00ACBFF2 /* editTextField.swift in Sources */ = {isa = PBXBuildFile; fileRef = 4CF4A0722558D78B00ACBFF2 /* editTextField.swift */; };
		75590F6E4E2D4C4AF575D39E /* Pods_iChat_iChatUITests.framework in Frameworks */ = {isa = PBXBuildFile; fileRef = D6373983CAE4EF2ACB1731C1 /* Pods_iChat_iChatUITests.framework */; };
		ADF851C9AE6326E185E80F0C /* Pods_iChatTests.framework in Frameworks */ = {isa = PBXBuildFile; fileRef = 611BE242EAE53043D262F94B /* Pods_iChatTests.framework */; };
		F3AF1DF6ABF9A9E3AC36F575 /* Pods_iChat.framework in Frameworks */ = {isa = PBXBuildFile; fileRef = 9ED707095C6B97164D5FB601 /* Pods_iChat.framework */; };
/* End PBXBuildFile section */

/* Begin PBXContainerItemProxy section */
		4C1B42C425584D6B006F2482 /* PBXContainerItemProxy */ = {
			isa = PBXContainerItemProxy;
			containerPortal = 4C1B42A525584D6A006F2482 /* Project object */;
			proxyType = 1;
			remoteGlobalIDString = 4C1B42AC25584D6A006F2482;
			remoteInfo = iChat;
		};
		4C1B42CF25584D6B006F2482 /* PBXContainerItemProxy */ = {
			isa = PBXContainerItemProxy;
			containerPortal = 4C1B42A525584D6A006F2482 /* Project object */;
			proxyType = 1;
			remoteGlobalIDString = 4C1B42AC25584D6A006F2482;
			remoteInfo = iChat;
		};
/* End PBXContainerItemProxy section */

/* Begin PBXFileReference section */
		12D0DBA99DA63144D9AB3937 /* Pods-iChatTests.release.xcconfig */ = {isa = PBXFileReference; includeInIndex = 1; lastKnownFileType = text.xcconfig; name = "Pods-iChatTests.release.xcconfig"; path = "Target Support Files/Pods-iChatTests/Pods-iChatTests.release.xcconfig"; sourceTree = "<group>"; };
		19DFBA9DDA46DEB320F50381 /* Pods-iChat.debug.xcconfig */ = {isa = PBXFileReference; includeInIndex = 1; lastKnownFileType = text.xcconfig; name = "Pods-iChat.debug.xcconfig"; path = "Target Support Files/Pods-iChat/Pods-iChat.debug.xcconfig"; sourceTree = "<group>"; };
		4C088C1F255AFAC3001CF008 /* RoundedImage.swift */ = {isa = PBXFileReference; lastKnownFileType = sourcecode.swift; path = RoundedImage.swift; sourceTree = "<group>"; };
		4C088C27255B95C0001CF008 /* Message.swift */ = {isa = PBXFileReference; lastKnownFileType = sourcecode.swift; path = Message.swift; sourceTree = "<group>"; };
		4C0E245F2558664700EE12F5 /* Home.storyboard */ = {isa = PBXFileReference; lastKnownFileType = file.storyboard; path = Home.storyboard; sourceTree = "<group>"; };
		4C0E24642558665C00EE12F5 /* HomeViewController.swift */ = {isa = PBXFileReference; lastKnownFileType = sourcecode.swift; path = HomeViewController.swift; sourceTree = "<group>"; };
		4C0E246F2558677900EE12F5 /* ChatTableCell.swift */ = {isa = PBXFileReference; lastKnownFileType = sourcecode.swift; path = ChatTableCell.swift; sourceTree = "<group>"; };
		4C0E247825586C8A00EE12F5 /* User.swift */ = {isa = PBXFileReference; lastKnownFileType = sourcecode.swift; path = User.swift; sourceTree = "<group>"; };
		4C0E247E2558716A00EE12F5 /* TabBarController.swift */ = {isa = PBXFileReference; lastKnownFileType = sourcecode.swift; path = TabBarController.swift; sourceTree = "<group>"; };
		4C0E2486255871C100EE12F5 /* TabBar.storyboard */ = {isa = PBXFileReference; lastKnownFileType = file.storyboard; path = TabBar.storyboard; sourceTree = "<group>"; };
		4C0E248C255873E700EE12F5 /* SettingsViewController.swift */ = {isa = PBXFileReference; lastKnownFileType = sourcecode.swift; path = SettingsViewController.swift; sourceTree = "<group>"; };
		4C0E2494255873F100EE12F5 /* Settings.storyboard */ = {isa = PBXFileReference; lastKnownFileType = file.storyboard; path = Settings.storyboard; sourceTree = "<group>"; };
		4C0E24992558763E00EE12F5 /* SettingsTableViewCell.swift */ = {isa = PBXFileReference; lastKnownFileType = sourcecode.swift; path = SettingsTableViewCell.swift; sourceTree = "<group>"; };
		4C0E249F25587FBC00EE12F5 /* MessagesViewController.swift */ = {isa = PBXFileReference; lastKnownFileType = sourcecode.swift; path = MessagesViewController.swift; sourceTree = "<group>"; };
		4C0E24A425587FC600EE12F5 /* Messages.storyboard */ = {isa = PBXFileReference; lastKnownFileType = file.storyboard; path = Messages.storyboard; sourceTree = "<group>"; };
		4C0E24A9255883BF00EE12F5 /* MessageTableCell.swift */ = {isa = PBXFileReference; lastKnownFileType = sourcecode.swift; path = MessageTableCell.swift; sourceTree = "<group>"; };
		4C1B42AD25584D6A006F2482 /* iChat.app */ = {isa = PBXFileReference; explicitFileType = wrapper.application; includeInIndex = 0; path = iChat.app; sourceTree = BUILT_PRODUCTS_DIR; };
		4C1B42B025584D6A006F2482 /* AppDelegate.swift */ = {isa = PBXFileReference; lastKnownFileType = sourcecode.swift; path = AppDelegate.swift; sourceTree = "<group>"; };
		4C1B42B225584D6A006F2482 /* SceneDelegate.swift */ = {isa = PBXFileReference; lastKnownFileType = sourcecode.swift; path = SceneDelegate.swift; sourceTree = "<group>"; };
		4C1B42B425584D6A006F2482 /* ViewController.swift */ = {isa = PBXFileReference; lastKnownFileType = sourcecode.swift; path = ViewController.swift; sourceTree = "<group>"; };
		4C1B42B725584D6A006F2482 /* Base */ = {isa = PBXFileReference; lastKnownFileType = file.storyboard; name = Base; path = Base.lproj/Main.storyboard; sourceTree = "<group>"; };
		4C1B42B925584D6B006F2482 /* Assets.xcassets */ = {isa = PBXFileReference; lastKnownFileType = folder.assetcatalog; path = Assets.xcassets; sourceTree = "<group>"; };
		4C1B42BC25584D6B006F2482 /* Base */ = {isa = PBXFileReference; lastKnownFileType = file.storyboard; name = Base; path = Base.lproj/LaunchScreen.storyboard; sourceTree = "<group>"; };
		4C1B42BE25584D6B006F2482 /* Info.plist */ = {isa = PBXFileReference; lastKnownFileType = text.plist.xml; path = Info.plist; sourceTree = "<group>"; };
		4C1B42C325584D6B006F2482 /* iChatTests.xctest */ = {isa = PBXFileReference; explicitFileType = wrapper.cfbundle; includeInIndex = 0; path = iChatTests.xctest; sourceTree = BUILT_PRODUCTS_DIR; };
		4C1B42C725584D6B006F2482 /* iChatTests.swift */ = {isa = PBXFileReference; lastKnownFileType = sourcecode.swift; path = iChatTests.swift; sourceTree = "<group>"; };
		4C1B42C925584D6B006F2482 /* Info.plist */ = {isa = PBXFileReference; lastKnownFileType = text.plist.xml; path = Info.plist; sourceTree = "<group>"; };
		4C1B42CE25584D6B006F2482 /* iChatUITests.xctest */ = {isa = PBXFileReference; explicitFileType = wrapper.cfbundle; includeInIndex = 0; path = iChatUITests.xctest; sourceTree = BUILT_PRODUCTS_DIR; };
		4C1B42D225584D6B006F2482 /* iChatUITests.swift */ = {isa = PBXFileReference; lastKnownFileType = sourcecode.swift; path = iChatUITests.swift; sourceTree = "<group>"; };
		4C1B42D425584D6B006F2482 /* Info.plist */ = {isa = PBXFileReference; lastKnownFileType = text.plist.xml; path = Info.plist; sourceTree = "<group>"; };
		4C1B42E325584E07006F2482 /* RoundedView.swift */ = {isa = PBXFileReference; lastKnownFileType = sourcecode.swift; path = RoundedView.swift; sourceTree = "<group>"; };
		4C1B42E82558632F006F2482 /* RoundedButton.swift */ = {isa = PBXFileReference; lastKnownFileType = sourcecode.swift; path = RoundedButton.swift; sourceTree = "<group>"; };
		4C524D0F2559FD60006B1D7F /* FriendsViewController.swift */ = {isa = PBXFileReference; lastKnownFileType = sourcecode.swift; path = FriendsViewController.swift; sourceTree = "<group>"; };
		4C524D172559FD6D006B1D7F /* Friends.storyboard */ = {isa = PBXFileReference; lastKnownFileType = file.storyboard; path = Friends.storyboard; sourceTree = "<group>"; };
		4C524D1D255A0CBA006B1D7F /* FriendsTableViewCell.swift */ = {isa = PBXFileReference; lastKnownFileType = sourcecode.swift; path = FriendsTableViewCell.swift; sourceTree = "<group>"; };
		4C6CCA982558C4B4002DC0F4 /* GoogleService-Info.plist */ = {isa = PBXFileReference; fileEncoding = 4; lastKnownFileType = text.plist.xml; path = "GoogleService-Info.plist"; sourceTree = "<group>"; };
		4C800BC72558BF6600957F0F /* RegisterViewController.swift */ = {isa = PBXFileReference; lastKnownFileType = sourcecode.swift; path = RegisterViewController.swift; sourceTree = "<group>"; };
		4C800BCF2558BF7700957F0F /* Register.storyboard */ = {isa = PBXFileReference; lastKnownFileType = file.storyboard; path = Register.storyboard; sourceTree = "<group>"; };
		4CA57E3F255E515400E65DAE /* ChatActivate.swift */ = {isa = PBXFileReference; lastKnownFileType = sourcecode.swift; path = ChatActivate.swift; sourceTree = "<group>"; };
		4CF4A0722558D78B00ACBFF2 /* editTextField.swift */ = {isa = PBXFileReference; lastKnownFileType = sourcecode.swift; path = editTextField.swift; sourceTree = "<group>"; };
		512F1D1E8BAEF60916C98185 /* Pods-iChatTests.debug.xcconfig */ = {isa = PBXFileReference; includeInIndex = 1; lastKnownFileType = text.xcconfig; name = "Pods-iChatTests.debug.xcconfig"; path = "Target Support Files/Pods-iChatTests/Pods-iChatTests.debug.xcconfig"; sourceTree = "<group>"; };
		55763FC2C892CBF6C15176E0 /* Pods-iChat-iChatUITests.release.xcconfig */ = {isa = PBXFileReference; includeInIndex = 1; lastKnownFileType = text.xcconfig; name = "Pods-iChat-iChatUITests.release.xcconfig"; path = "Target Support Files/Pods-iChat-iChatUITests/Pods-iChat-iChatUITests.release.xcconfig"; sourceTree = "<group>"; };
		5D84B115F05AB1C0DFB6D455 /* Pods-iChat.release.xcconfig */ = {isa = PBXFileReference; includeInIndex = 1; lastKnownFileType = text.xcconfig; name = "Pods-iChat.release.xcconfig"; path = "Target Support Files/Pods-iChat/Pods-iChat.release.xcconfig"; sourceTree = "<group>"; };
		611BE242EAE53043D262F94B /* Pods_iChatTests.framework */ = {isa = PBXFileReference; explicitFileType = wrapper.framework; includeInIndex = 0; path = Pods_iChatTests.framework; sourceTree = BUILT_PRODUCTS_DIR; };
		9ED707095C6B97164D5FB601 /* Pods_iChat.framework */ = {isa = PBXFileReference; explicitFileType = wrapper.framework; includeInIndex = 0; path = Pods_iChat.framework; sourceTree = BUILT_PRODUCTS_DIR; };
		D6373983CAE4EF2ACB1731C1 /* Pods_iChat_iChatUITests.framework */ = {isa = PBXFileReference; explicitFileType = wrapper.framework; includeInIndex = 0; path = Pods_iChat_iChatUITests.framework; sourceTree = BUILT_PRODUCTS_DIR; };
		ED4DE79732ECAA1F1BA16EE5 /* Pods-iChat-iChatUITests.debug.xcconfig */ = {isa = PBXFileReference; includeInIndex = 1; lastKnownFileType = text.xcconfig; name = "Pods-iChat-iChatUITests.debug.xcconfig"; path = "Target Support Files/Pods-iChat-iChatUITests/Pods-iChat-iChatUITests.debug.xcconfig"; sourceTree = "<group>"; };
/* End PBXFileReference section */

/* Begin PBXFrameworksBuildPhase section */
		4C1B42AA25584D6A006F2482 /* Frameworks */ = {
			isa = PBXFrameworksBuildPhase;
			buildActionMask = 2147483647;
			files = (
				F3AF1DF6ABF9A9E3AC36F575 /* Pods_iChat.framework in Frameworks */,
			);
			runOnlyForDeploymentPostprocessing = 0;
		};
		4C1B42C025584D6B006F2482 /* Frameworks */ = {
			isa = PBXFrameworksBuildPhase;
			buildActionMask = 2147483647;
			files = (
				ADF851C9AE6326E185E80F0C /* Pods_iChatTests.framework in Frameworks */,
			);
			runOnlyForDeploymentPostprocessing = 0;
		};
		4C1B42CB25584D6B006F2482 /* Frameworks */ = {
			isa = PBXFrameworksBuildPhase;
			buildActionMask = 2147483647;
			files = (
				75590F6E4E2D4C4AF575D39E /* Pods_iChat_iChatUITests.framework in Frameworks */,
			);
			runOnlyForDeploymentPostprocessing = 0;
		};
/* End PBXFrameworksBuildPhase section */

/* Begin PBXGroup section */
		4C0E24552558660800EE12F5 /* Login */ = {
			isa = PBXGroup;
			children = (
				4C1B42B625584D6A006F2482 /* Main.storyboard */,
				4C1B42B425584D6A006F2482 /* ViewController.swift */,
			);
			path = Login;
			sourceTree = "<group>";
		};
		4C0E24592558661400EE12F5 /* Extension */ = {
			isa = PBXGroup;
			children = (
				4C1B42E325584E07006F2482 /* RoundedView.swift */,
				4C1B42E82558632F006F2482 /* RoundedButton.swift */,
				4CF4A0722558D78B00ACBFF2 /* editTextField.swift */,
				4C088C1F255AFAC3001CF008 /* RoundedImage.swift */,
			);
			path = Extension;
			sourceTree = "<group>";
		};
		4C0E245E2558662D00EE12F5 /* Home */ = {
			isa = PBXGroup;
			children = (
				4C0E245F2558664700EE12F5 /* Home.storyboard */,
				4C0E24642558665C00EE12F5 /* HomeViewController.swift */,
			);
			path = Home;
			sourceTree = "<group>";
		};
		4C0E24692558672B00EE12F5 /* Cells */ = {
			isa = PBXGroup;
			children = (
				4C0E246F2558677900EE12F5 /* ChatTableCell.swift */,
				4C0E24992558763E00EE12F5 /* SettingsTableViewCell.swift */,
				4C0E24A9255883BF00EE12F5 /* MessageTableCell.swift */,
				4C524D1D255A0CBA006B1D7F /* FriendsTableViewCell.swift */,
			);
			path = Cells;
			sourceTree = "<group>";
		};
		4C0E247725586C6C00EE12F5 /* Class */ = {
			isa = PBXGroup;
			children = (
				4C0E247825586C8A00EE12F5 /* User.swift */,
				4C088C27255B95C0001CF008 /* Message.swift */,
				4CA57E3F255E515400E65DAE /* ChatActivate.swift */,
			);
			path = Class;
			sourceTree = "<group>";
		};
		4C0E247D2558714800EE12F5 /* TabBar */ = {
			isa = PBXGroup;
			children = (
				4C0E247E2558716A00EE12F5 /* TabBarController.swift */,
				4C0E2486255871C100EE12F5 /* TabBar.storyboard */,
			);
			path = TabBar;
			sourceTree = "<group>";
		};
		4C0E248B255872EB00EE12F5 /* Settings */ = {
			isa = PBXGroup;
			children = (
				4C0E248C255873E700EE12F5 /* SettingsViewController.swift */,
				4C0E2494255873F100EE12F5 /* Settings.storyboard */,
			);
			path = Settings;
			sourceTree = "<group>";
		};
		4C0E249E25587FA800EE12F5 /* Messages */ = {
			isa = PBXGroup;
			children = (
				4C0E249F25587FBC00EE12F5 /* MessagesViewController.swift */,
				4C0E24A425587FC600EE12F5 /* Messages.storyboard */,
			);
			path = Messages;
			sourceTree = "<group>";
		};
		4C1B42A425584D6A006F2482 = {
			isa = PBXGroup;
			children = (
				4C1B42AF25584D6A006F2482 /* iChat */,
				4C1B42C625584D6B006F2482 /* iChatTests */,
				4C1B42D125584D6B006F2482 /* iChatUITests */,
				4C1B42AE25584D6A006F2482 /* Products */,
				E433709653C2E9F369392136 /* Pods */,
				B464B1EC63ECB95D90916771 /* Frameworks */,
			);
			sourceTree = "<group>";
		};
		4C1B42AE25584D6A006F2482 /* Products */ = {
			isa = PBXGroup;
			children = (
				4C1B42AD25584D6A006F2482 /* iChat.app */,
				4C1B42C325584D6B006F2482 /* iChatTests.xctest */,
				4C1B42CE25584D6B006F2482 /* iChatUITests.xctest */,
			);
			name = Products;
			sourceTree = "<group>";
		};
		4C1B42AF25584D6A006F2482 /* iChat */ = {
			isa = PBXGroup;
			children = (
				4C524D0E2559FD43006B1D7F /* Friends */,
				4C800BC62558BF4B00957F0F /* Register */,
				4C0E249E25587FA800EE12F5 /* Messages */,
				4C0E248B255872EB00EE12F5 /* Settings */,
				4C0E247D2558714800EE12F5 /* TabBar */,
				4C0E247725586C6C00EE12F5 /* Class */,
				4C0E24692558672B00EE12F5 /* Cells */,
				4C0E245E2558662D00EE12F5 /* Home */,
				4C0E24592558661400EE12F5 /* Extension */,
				4C0E24552558660800EE12F5 /* Login */,
				4C1B42B025584D6A006F2482 /* AppDelegate.swift */,
				4C1B42B225584D6A006F2482 /* SceneDelegate.swift */,
				4C1B42B925584D6B006F2482 /* Assets.xcassets */,
				4C1B42BB25584D6B006F2482 /* LaunchScreen.storyboard */,
				4C6CCA982558C4B4002DC0F4 /* GoogleService-Info.plist */,
				4C1B42BE25584D6B006F2482 /* Info.plist */,
			);
			path = iChat;
			sourceTree = "<group>";
		};
		4C1B42C625584D6B006F2482 /* iChatTests */ = {
			isa = PBXGroup;
			children = (
				4C1B42C725584D6B006F2482 /* iChatTests.swift */,
				4C1B42C925584D6B006F2482 /* Info.plist */,
			);
			path = iChatTests;
			sourceTree = "<group>";
		};
		4C1B42D125584D6B006F2482 /* iChatUITests */ = {
			isa = PBXGroup;
			children = (
				4C1B42D225584D6B006F2482 /* iChatUITests.swift */,
				4C1B42D425584D6B006F2482 /* Info.plist */,
			);
			path = iChatUITests;
			sourceTree = "<group>";
		};
		4C524D0E2559FD43006B1D7F /* Friends */ = {
			isa = PBXGroup;
			children = (
				4C524D0F2559FD60006B1D7F /* FriendsViewController.swift */,
				4C524D172559FD6D006B1D7F /* Friends.storyboard */,
			);
			path = Friends;
			sourceTree = "<group>";
		};
		4C800BC62558BF4B00957F0F /* Register */ = {
			isa = PBXGroup;
			children = (
				4C800BC72558BF6600957F0F /* RegisterViewController.swift */,
				4C800BCF2558BF7700957F0F /* Register.storyboard */,
			);
			path = Register;
			sourceTree = "<group>";
		};
		B464B1EC63ECB95D90916771 /* Frameworks */ = {
			isa = PBXGroup;
			children = (
				9ED707095C6B97164D5FB601 /* Pods_iChat.framework */,
				D6373983CAE4EF2ACB1731C1 /* Pods_iChat_iChatUITests.framework */,
				611BE242EAE53043D262F94B /* Pods_iChatTests.framework */,
			);
			name = Frameworks;
			sourceTree = "<group>";
		};
		E433709653C2E9F369392136 /* Pods */ = {
			isa = PBXGroup;
			children = (
				19DFBA9DDA46DEB320F50381 /* Pods-iChat.debug.xcconfig */,
				5D84B115F05AB1C0DFB6D455 /* Pods-iChat.release.xcconfig */,
				ED4DE79732ECAA1F1BA16EE5 /* Pods-iChat-iChatUITests.debug.xcconfig */,
				55763FC2C892CBF6C15176E0 /* Pods-iChat-iChatUITests.release.xcconfig */,
				512F1D1E8BAEF60916C98185 /* Pods-iChatTests.debug.xcconfig */,
				12D0DBA99DA63144D9AB3937 /* Pods-iChatTests.release.xcconfig */,
			);
			path = Pods;
			sourceTree = "<group>";
		};
/* End PBXGroup section */

/* Begin PBXNativeTarget section */
		4C1B42AC25584D6A006F2482 /* iChat */ = {
			isa = PBXNativeTarget;
			buildConfigurationList = 4C1B42D725584D6B006F2482 /* Build configuration list for PBXNativeTarget "iChat" */;
			buildPhases = (
				555CCAA99581D7D89B842E83 /* [CP] Check Pods Manifest.lock */,
				4C1B42A925584D6A006F2482 /* Sources */,
				4C1B42AA25584D6A006F2482 /* Frameworks */,
				4C1B42AB25584D6A006F2482 /* Resources */,
				000155BBFC82E71B6FCD1F79 /* [CP] Embed Pods Frameworks */,
			);
			buildRules = (
			);
			dependencies = (
			);
			name = iChat;
			productName = iChat;
			productReference = 4C1B42AD25584D6A006F2482 /* iChat.app */;
			productType = "com.apple.product-type.application";
		};
		4C1B42C225584D6B006F2482 /* iChatTests */ = {
			isa = PBXNativeTarget;
			buildConfigurationList = 4C1B42DA25584D6B006F2482 /* Build configuration list for PBXNativeTarget "iChatTests" */;
			buildPhases = (
				FE213B458D2833D8493EE753 /* [CP] Check Pods Manifest.lock */,
				4C1B42BF25584D6B006F2482 /* Sources */,
				4C1B42C025584D6B006F2482 /* Frameworks */,
				4C1B42C125584D6B006F2482 /* Resources */,
			);
			buildRules = (
			);
			dependencies = (
				4C1B42C525584D6B006F2482 /* PBXTargetDependency */,
			);
			name = iChatTests;
			productName = iChatTests;
			productReference = 4C1B42C325584D6B006F2482 /* iChatTests.xctest */;
			productType = "com.apple.product-type.bundle.unit-test";
		};
		4C1B42CD25584D6B006F2482 /* iChatUITests */ = {
			isa = PBXNativeTarget;
			buildConfigurationList = 4C1B42DD25584D6B006F2482 /* Build configuration list for PBXNativeTarget "iChatUITests" */;
			buildPhases = (
				FD8FBFD48E8F6CD32545EB64 /* [CP] Check Pods Manifest.lock */,
				4C1B42CA25584D6B006F2482 /* Sources */,
				4C1B42CB25584D6B006F2482 /* Frameworks */,
				4C1B42CC25584D6B006F2482 /* Resources */,
				A9BB085AAA28706AA9127197 /* [CP] Embed Pods Frameworks */,
			);
			buildRules = (
			);
			dependencies = (
				4C1B42D025584D6B006F2482 /* PBXTargetDependency */,
			);
			name = iChatUITests;
			productName = iChatUITests;
			productReference = 4C1B42CE25584D6B006F2482 /* iChatUITests.xctest */;
			productType = "com.apple.product-type.bundle.ui-testing";
		};
/* End PBXNativeTarget section */

/* Begin PBXProject section */
		4C1B42A525584D6A006F2482 /* Project object */ = {
			isa = PBXProject;
			attributes = {
				LastSwiftUpdateCheck = 1200;
				LastUpgradeCheck = 1200;
				TargetAttributes = {
					4C1B42AC25584D6A006F2482 = {
						CreatedOnToolsVersion = 12.0;
					};
					4C1B42C225584D6B006F2482 = {
						CreatedOnToolsVersion = 12.0;
						TestTargetID = 4C1B42AC25584D6A006F2482;
					};
					4C1B42CD25584D6B006F2482 = {
						CreatedOnToolsVersion = 12.0;
						TestTargetID = 4C1B42AC25584D6A006F2482;
					};
				};
			};
			buildConfigurationList = 4C1B42A825584D6A006F2482 /* Build configuration list for PBXProject "iChat" */;
			compatibilityVersion = "Xcode 9.3";
			developmentRegion = en;
			hasScannedForEncodings = 0;
			knownRegions = (
				en,
				Base,
			);
			mainGroup = 4C1B42A425584D6A006F2482;
			productRefGroup = 4C1B42AE25584D6A006F2482 /* Products */;
			projectDirPath = "";
			projectRoot = "";
			targets = (
				4C1B42AC25584D6A006F2482 /* iChat */,
				4C1B42C225584D6B006F2482 /* iChatTests */,
				4C1B42CD25584D6B006F2482 /* iChatUITests */,
			);
		};
/* End PBXProject section */

/* Begin PBXResourcesBuildPhase section */
		4C1B42AB25584D6A006F2482 /* Resources */ = {
			isa = PBXResourcesBuildPhase;
			buildActionMask = 2147483647;
			files = (
				4C0E2487255871C100EE12F5 /* TabBar.storyboard in Resources */,
				4C1B42BD25584D6B006F2482 /* LaunchScreen.storyboard in Resources */,
				4C6CCA992558C4B4002DC0F4 /* GoogleService-Info.plist in Resources */,
				4C1B42BA25584D6B006F2482 /* Assets.xcassets in Resources */,
				4C0E2495255873F200EE12F5 /* Settings.storyboard in Resources */,
				4C0E24A525587FC600EE12F5 /* Messages.storyboard in Resources */,
				4C524D182559FD6D006B1D7F /* Friends.storyboard in Resources */,
				4C1B42B825584D6A006F2482 /* Main.storyboard in Resources */,
				4C0E24602558664700EE12F5 /* Home.storyboard in Resources */,
				4C800BD02558BF7700957F0F /* Register.storyboard in Resources */,
			);
			runOnlyForDeploymentPostprocessing = 0;
		};
		4C1B42C125584D6B006F2482 /* Resources */ = {
			isa = PBXResourcesBuildPhase;
			buildActionMask = 2147483647;
			files = (
			);
			runOnlyForDeploymentPostprocessing = 0;
		};
		4C1B42CC25584D6B006F2482 /* Resources */ = {
			isa = PBXResourcesBuildPhase;
			buildActionMask = 2147483647;
			files = (
			);
			runOnlyForDeploymentPostprocessing = 0;
		};
/* End PBXResourcesBuildPhase section */

/* Begin PBXShellScriptBuildPhase section */
		000155BBFC82E71B6FCD1F79 /* [CP] Embed Pods Frameworks */ = {
			isa = PBXShellScriptBuildPhase;
			buildActionMask = 2147483647;
			files = (
			);
			inputFileListPaths = (
				"${PODS_ROOT}/Target Support Files/Pods-iChat/Pods-iChat-frameworks-${CONFIGURATION}-input-files.xcfilelist",
			);
			name = "[CP] Embed Pods Frameworks";
			outputFileListPaths = (
				"${PODS_ROOT}/Target Support Files/Pods-iChat/Pods-iChat-frameworks-${CONFIGURATION}-output-files.xcfilelist",
			);
			runOnlyForDeploymentPostprocessing = 0;
			shellPath = /bin/sh;
			shellScript = "\"${PODS_ROOT}/Target Support Files/Pods-iChat/Pods-iChat-frameworks.sh\"\n";
			showEnvVarsInLog = 0;
		};
		555CCAA99581D7D89B842E83 /* [CP] Check Pods Manifest.lock */ = {
			isa = PBXShellScriptBuildPhase;
			buildActionMask = 2147483647;
			files = (
			);
			inputFileListPaths = (
			);
			inputPaths = (
				"${PODS_PODFILE_DIR_PATH}/Podfile.lock",
				"${PODS_ROOT}/Manifest.lock",
			);
			name = "[CP] Check Pods Manifest.lock";
			outputFileListPaths = (
			);
			outputPaths = (
				"$(DERIVED_FILE_DIR)/Pods-iChat-checkManifestLockResult.txt",
			);
			runOnlyForDeploymentPostprocessing = 0;
			shellPath = /bin/sh;
			shellScript = "diff \"${PODS_PODFILE_DIR_PATH}/Podfile.lock\" \"${PODS_ROOT}/Manifest.lock\" > /dev/null\nif [ $? != 0 ] ; then\n    # print error to STDERR\n    echo \"error: The sandbox is not in sync with the Podfile.lock. Run 'pod install' or update your CocoaPods installation.\" >&2\n    exit 1\nfi\n# This output is used by Xcode 'outputs' to avoid re-running this script phase.\necho \"SUCCESS\" > \"${SCRIPT_OUTPUT_FILE_0}\"\n";
			showEnvVarsInLog = 0;
		};
		A9BB085AAA28706AA9127197 /* [CP] Embed Pods Frameworks */ = {
			isa = PBXShellScriptBuildPhase;
			buildActionMask = 2147483647;
			files = (
			);
			inputFileListPaths = (
				"${PODS_ROOT}/Target Support Files/Pods-iChat-iChatUITests/Pods-iChat-iChatUITests-frameworks-${CONFIGURATION}-input-files.xcfilelist",
			);
			name = "[CP] Embed Pods Frameworks";
			outputFileListPaths = (
				"${PODS_ROOT}/Target Support Files/Pods-iChat-iChatUITests/Pods-iChat-iChatUITests-frameworks-${CONFIGURATION}-output-files.xcfilelist",
			);
			runOnlyForDeploymentPostprocessing = 0;
			shellPath = /bin/sh;
			shellScript = "\"${PODS_ROOT}/Target Support Files/Pods-iChat-iChatUITests/Pods-iChat-iChatUITests-frameworks.sh\"\n";
			showEnvVarsInLog = 0;
		};
		FD8FBFD48E8F6CD32545EB64 /* [CP] Check Pods Manifest.lock */ = {
			isa = PBXShellScriptBuildPhase;
			buildActionMask = 2147483647;
			files = (
			);
			inputFileListPaths = (
			);
			inputPaths = (
				"${PODS_PODFILE_DIR_PATH}/Podfile.lock",
				"${PODS_ROOT}/Manifest.lock",
			);
			name = "[CP] Check Pods Manifest.lock";
			outputFileListPaths = (
			);
			outputPaths = (
				"$(DERIVED_FILE_DIR)/Pods-iChat-iChatUITests-checkManifestLockResult.txt",
			);
			runOnlyForDeploymentPostprocessing = 0;
			shellPath = /bin/sh;
			shellScript = "diff \"${PODS_PODFILE_DIR_PATH}/Podfile.lock\" \"${PODS_ROOT}/Manifest.lock\" > /dev/null\nif [ $? != 0 ] ; then\n    # print error to STDERR\n    echo \"error: The sandbox is not in sync with the Podfile.lock. Run 'pod install' or update your CocoaPods installation.\" >&2\n    exit 1\nfi\n# This output is used by Xcode 'outputs' to avoid re-running this script phase.\necho \"SUCCESS\" > \"${SCRIPT_OUTPUT_FILE_0}\"\n";
			showEnvVarsInLog = 0;
		};
		FE213B458D2833D8493EE753 /* [CP] Check Pods Manifest.lock */ = {
			isa = PBXShellScriptBuildPhase;
			buildActionMask = 2147483647;
			files = (
			);
			inputFileListPaths = (
			);
			inputPaths = (
				"${PODS_PODFILE_DIR_PATH}/Podfile.lock",
				"${PODS_ROOT}/Manifest.lock",
			);
			name = "[CP] Check Pods Manifest.lock";
			outputFileListPaths = (
			);
			outputPaths = (
				"$(DERIVED_FILE_DIR)/Pods-iChatTests-checkManifestLockResult.txt",
			);
			runOnlyForDeploymentPostprocessing = 0;
			shellPath = /bin/sh;
			shellScript = "diff \"${PODS_PODFILE_DIR_PATH}/Podfile.lock\" \"${PODS_ROOT}/Manifest.lock\" > /dev/null\nif [ $? != 0 ] ; then\n    # print error to STDERR\n    echo \"error: The sandbox is not in sync with the Podfile.lock. Run 'pod install' or update your CocoaPods installation.\" >&2\n    exit 1\nfi\n# This output is used by Xcode 'outputs' to avoid re-running this script phase.\necho \"SUCCESS\" > \"${SCRIPT_OUTPUT_FILE_0}\"\n";
			showEnvVarsInLog = 0;
		};
/* End PBXShellScriptBuildPhase section */

/* Begin PBXSourcesBuildPhase section */
		4C1B42A925584D6A006F2482 /* Sources */ = {
			isa = PBXSourcesBuildPhase;
			buildActionMask = 2147483647;
			files = (
				4C524D102559FD60006B1D7F /* FriendsViewController.swift in Sources */,
				4C1B42E425584E07006F2482 /* RoundedView.swift in Sources */,
				4C1B42E92558632F006F2482 /* RoundedButton.swift in Sources */,
				4C088C20255AFAC3001CF008 /* RoundedImage.swift in Sources */,
				4C1B42B525584D6A006F2482 /* ViewController.swift in Sources */,
				4C0E248D255873E700EE12F5 /* SettingsViewController.swift in Sources */,
				4C0E24AA255883BF00EE12F5 /* MessageTableCell.swift in Sources */,
				4C088C28255B95C0001CF008 /* Message.swift in Sources */,
				4C524D1E255A0CBA006B1D7F /* FriendsTableViewCell.swift in Sources */,
				4C0E247F2558716A00EE12F5 /* TabBarController.swift in Sources */,
				4C1B42B125584D6A006F2482 /* AppDelegate.swift in Sources */,
				4C0E24A025587FBC00EE12F5 /* MessagesViewController.swift in Sources */,
				4C0E249A2558763E00EE12F5 /* SettingsTableViewCell.swift in Sources */,
				4C800BC82558BF6600957F0F /* RegisterViewController.swift in Sources */,
				4CA57E40255E515400E65DAE /* ChatActivate.swift in Sources */,
				4C0E247925586C8A00EE12F5 /* User.swift in Sources */,
				4C1B42B325584D6A006F2482 /* SceneDelegate.swift in Sources */,
				4CF4A0732558D78B00ACBFF2 /* editTextField.swift in Sources */,
				4C0E24702558677900EE12F5 /* ChatTableCell.swift in Sources */,
				4C0E24652558665C00EE12F5 /* HomeViewController.swift in Sources */,
			);
			runOnlyForDeploymentPostprocessing = 0;
		};
		4C1B42BF25584D6B006F2482 /* Sources */ = {
			isa = PBXSourcesBuildPhase;
			buildActionMask = 2147483647;
			files = (
				4C1B42C825584D6B006F2482 /* iChatTests.swift in Sources */,
			);
			runOnlyForDeploymentPostprocessing = 0;
		};
		4C1B42CA25584D6B006F2482 /* Sources */ = {
			isa = PBXSourcesBuildPhase;
			buildActionMask = 2147483647;
			files = (
				4C1B42D325584D6B006F2482 /* iChatUITests.swift in Sources */,
			);
			runOnlyForDeploymentPostprocessing = 0;
		};
/* End PBXSourcesBuildPhase section */

/* Begin PBXTargetDependency section */
		4C1B42C525584D6B006F2482 /* PBXTargetDependency */ = {
			isa = PBXTargetDependency;
			target = 4C1B42AC25584D6A006F2482 /* iChat */;
			targetProxy = 4C1B42C425584D6B006F2482 /* PBXContainerItemProxy */;
		};
		4C1B42D025584D6B006F2482 /* PBXTargetDependency */ = {
			isa = PBXTargetDependency;
			target = 4C1B42AC25584D6A006F2482 /* iChat */;
			targetProxy = 4C1B42CF25584D6B006F2482 /* PBXContainerItemProxy */;
		};
/* End PBXTargetDependency section */

/* Begin PBXVariantGroup section */
		4C1B42B625584D6A006F2482 /* Main.storyboard */ = {
			isa = PBXVariantGroup;
			children = (
				4C1B42B725584D6A006F2482 /* Base */,
			);
			name = Main.storyboard;
			sourceTree = "<group>";
		};
		4C1B42BB25584D6B006F2482 /* LaunchScreen.storyboard */ = {
			isa = PBXVariantGroup;
			children = (
				4C1B42BC25584D6B006F2482 /* Base */,
			);
			name = LaunchScreen.storyboard;
			sourceTree = "<group>";
		};
/* End PBXVariantGroup section */

/* Begin XCBuildConfiguration section */
		4C1B42D525584D6B006F2482 /* Debug */ = {
			isa = XCBuildConfiguration;
			buildSettings = {
				ALWAYS_SEARCH_USER_PATHS = NO;
				CLANG_ANALYZER_NONNULL = YES;
				CLANG_ANALYZER_NUMBER_OBJECT_CONVERSION = YES_AGGRESSIVE;
				CLANG_CXX_LANGUAGE_STANDARD = "gnu++14";
				CLANG_CXX_LIBRARY = "libc++";
				CLANG_ENABLE_MODULES = YES;
				CLANG_ENABLE_OBJC_ARC = YES;
				CLANG_ENABLE_OBJC_WEAK = YES;
				CLANG_WARN_BLOCK_CAPTURE_AUTORELEASING = YES;
				CLANG_WARN_BOOL_CONVERSION = YES;
				CLANG_WARN_COMMA = YES;
				CLANG_WARN_CONSTANT_CONVERSION = YES;
				CLANG_WARN_DEPRECATED_OBJC_IMPLEMENTATIONS = YES;
				CLANG_WARN_DIRECT_OBJC_ISA_USAGE = YES_ERROR;
				CLANG_WARN_DOCUMENTATION_COMMENTS = YES;
				CLANG_WARN_EMPTY_BODY = YES;
				CLANG_WARN_ENUM_CONVERSION = YES;
				CLANG_WARN_INFINITE_RECURSION = YES;
				CLANG_WARN_INT_CONVERSION = YES;
				CLANG_WARN_NON_LITERAL_NULL_CONVERSION = YES;
				CLANG_WARN_OBJC_IMPLICIT_RETAIN_SELF = YES;
				CLANG_WARN_OBJC_LITERAL_CONVERSION = YES;
				CLANG_WARN_OBJC_ROOT_CLASS = YES_ERROR;
				CLANG_WARN_QUOTED_INCLUDE_IN_FRAMEWORK_HEADER = YES;
				CLANG_WARN_RANGE_LOOP_ANALYSIS = YES;
				CLANG_WARN_STRICT_PROTOTYPES = YES;
				CLANG_WARN_SUSPICIOUS_MOVE = YES;
				CLANG_WARN_UNGUARDED_AVAILABILITY = YES_AGGRESSIVE;
				CLANG_WARN_UNREACHABLE_CODE = YES;
				CLANG_WARN__DUPLICATE_METHOD_MATCH = YES;
				COPY_PHASE_STRIP = NO;
				DEBUG_INFORMATION_FORMAT = dwarf;
				ENABLE_STRICT_OBJC_MSGSEND = YES;
				ENABLE_TESTABILITY = YES;
				GCC_C_LANGUAGE_STANDARD = gnu11;
				GCC_DYNAMIC_NO_PIC = NO;
				GCC_NO_COMMON_BLOCKS = YES;
				GCC_OPTIMIZATION_LEVEL = 0;
				GCC_PREPROCESSOR_DEFINITIONS = (
					"DEBUG=1",
					"$(inherited)",
				);
				GCC_WARN_64_TO_32_BIT_CONVERSION = YES;
				GCC_WARN_ABOUT_RETURN_TYPE = YES_ERROR;
				GCC_WARN_UNDECLARED_SELECTOR = YES;
				GCC_WARN_UNINITIALIZED_AUTOS = YES_AGGRESSIVE;
				GCC_WARN_UNUSED_FUNCTION = YES;
				GCC_WARN_UNUSED_VARIABLE = YES;
				IPHONEOS_DEPLOYMENT_TARGET = 14.0;
				MTL_ENABLE_DEBUG_INFO = INCLUDE_SOURCE;
				MTL_FAST_MATH = YES;
				ONLY_ACTIVE_ARCH = YES;
				SDKROOT = iphoneos;
				SWIFT_ACTIVE_COMPILATION_CONDITIONS = DEBUG;
				SWIFT_OPTIMIZATION_LEVEL = "-Onone";
			};
			name = Debug;
		};
		4C1B42D625584D6B006F2482 /* Release */ = {
			isa = XCBuildConfiguration;
			buildSettings = {
				ALWAYS_SEARCH_USER_PATHS = NO;
				CLANG_ANALYZER_NONNULL = YES;
				CLANG_ANALYZER_NUMBER_OBJECT_CONVERSION = YES_AGGRESSIVE;
				CLANG_CXX_LANGUAGE_STANDARD = "gnu++14";
				CLANG_CXX_LIBRARY = "libc++";
				CLANG_ENABLE_MODULES = YES;
				CLANG_ENABLE_OBJC_ARC = YES;
				CLANG_ENABLE_OBJC_WEAK = YES;
				CLANG_WARN_BLOCK_CAPTURE_AUTORELEASING = YES;
				CLANG_WARN_BOOL_CONVERSION = YES;
				CLANG_WARN_COMMA = YES;
				CLANG_WARN_CONSTANT_CONVERSION = YES;
				CLANG_WARN_DEPRECATED_OBJC_IMPLEMENTATIONS = YES;
				CLANG_WARN_DIRECT_OBJC_ISA_USAGE = YES_ERROR;
				CLANG_WARN_DOCUMENTATION_COMMENTS = YES;
				CLANG_WARN_EMPTY_BODY = YES;
				CLANG_WARN_ENUM_CONVERSION = YES;
				CLANG_WARN_INFINITE_RECURSION = YES;
				CLANG_WARN_INT_CONVERSION = YES;
				CLANG_WARN_NON_LITERAL_NULL_CONVERSION = YES;
				CLANG_WARN_OBJC_IMPLICIT_RETAIN_SELF = YES;
				CLANG_WARN_OBJC_LITERAL_CONVERSION = YES;
				CLANG_WARN_OBJC_ROOT_CLASS = YES_ERROR;
				CLANG_WARN_QUOTED_INCLUDE_IN_FRAMEWORK_HEADER = YES;
				CLANG_WARN_RANGE_LOOP_ANALYSIS = YES;
				CLANG_WARN_STRICT_PROTOTYPES = YES;
				CLANG_WARN_SUSPICIOUS_MOVE = YES;
				CLANG_WARN_UNGUARDED_AVAILABILITY = YES_AGGRESSIVE;
				CLANG_WARN_UNREACHABLE_CODE = YES;
				CLANG_WARN__DUPLICATE_METHOD_MATCH = YES;
				COPY_PHASE_STRIP = NO;
				DEBUG_INFORMATION_FORMAT = "dwarf-with-dsym";
				ENABLE_NS_ASSERTIONS = NO;
				ENABLE_STRICT_OBJC_MSGSEND = YES;
				GCC_C_LANGUAGE_STANDARD = gnu11;
				GCC_NO_COMMON_BLOCKS = YES;
				GCC_WARN_64_TO_32_BIT_CONVERSION = YES;
				GCC_WARN_ABOUT_RETURN_TYPE = YES_ERROR;
				GCC_WARN_UNDECLARED_SELECTOR = YES;
				GCC_WARN_UNINITIALIZED_AUTOS = YES_AGGRESSIVE;
				GCC_WARN_UNUSED_FUNCTION = YES;
				GCC_WARN_UNUSED_VARIABLE = YES;
				IPHONEOS_DEPLOYMENT_TARGET = 14.0;
				MTL_ENABLE_DEBUG_INFO = NO;
				MTL_FAST_MATH = YES;
				SDKROOT = iphoneos;
				SWIFT_COMPILATION_MODE = wholemodule;
				SWIFT_OPTIMIZATION_LEVEL = "-O";
				VALIDATE_PRODUCT = YES;
			};
			name = Release;
		};
		4C1B42D825584D6B006F2482 /* Debug */ = {
			isa = XCBuildConfiguration;
			baseConfigurationReference = 19DFBA9DDA46DEB320F50381 /* Pods-iChat.debug.xcconfig */;
			buildSettings = {
				ASSETCATALOG_COMPILER_APPICON_NAME = AppIcon;
				ASSETCATALOG_COMPILER_GLOBAL_ACCENT_COLOR_NAME = AccentColor;
				CODE_SIGN_STYLE = Automatic;
				INFOPLIST_FILE = iChat/Info.plist;
				LD_RUNPATH_SEARCH_PATHS = (
					"$(inherited)",
					"@executable_path/Frameworks",
				);
				PRODUCT_BUNDLE_IDENTIFIER = lestad.iChat;
				PRODUCT_NAME = "$(TARGET_NAME)";
				SWIFT_VERSION = 5.0;
				TARGETED_DEVICE_FAMILY = "1,2";
			};
			name = Debug;
		};
		4C1B42D925584D6B006F2482 /* Release */ = {
			isa = XCBuildConfiguration;
			baseConfigurationReference = 5D84B115F05AB1C0DFB6D455 /* Pods-iChat.release.xcconfig */;
			buildSettings = {
				ASSETCATALOG_COMPILER_APPICON_NAME = AppIcon;
				ASSETCATALOG_COMPILER_GLOBAL_ACCENT_COLOR_NAME = AccentColor;
				CODE_SIGN_STYLE = Automatic;
				INFOPLIST_FILE = iChat/Info.plist;
				LD_RUNPATH_SEARCH_PATHS = (
					"$(inherited)",
					"@executable_path/Frameworks",
				);
				PRODUCT_BUNDLE_IDENTIFIER = lestad.iChat;
				PRODUCT_NAME = "$(TARGET_NAME)";
				SWIFT_VERSION = 5.0;
				TARGETED_DEVICE_FAMILY = "1,2";
			};
			name = Release;
		};
		4C1B42DB25584D6B006F2482 /* Debug */ = {
			isa = XCBuildConfiguration;
			baseConfigurationReference = 512F1D1E8BAEF60916C98185 /* Pods-iChatTests.debug.xcconfig */;
			buildSettings = {
				ALWAYS_EMBED_SWIFT_STANDARD_LIBRARIES = YES;
				BUNDLE_LOADER = "$(TEST_HOST)";
				CODE_SIGN_STYLE = Automatic;
				INFOPLIST_FILE = iChatTests/Info.plist;
				IPHONEOS_DEPLOYMENT_TARGET = 14.0;
				LD_RUNPATH_SEARCH_PATHS = (
					"$(inherited)",
					"@executable_path/Frameworks",
					"@loader_path/Frameworks",
				);
				PRODUCT_BUNDLE_IDENTIFIER = lestad.iChatTests;
				PRODUCT_NAME = "$(TARGET_NAME)";
				SWIFT_VERSION = 5.0;
				TARGETED_DEVICE_FAMILY = "1,2";
				TEST_HOST = "$(BUILT_PRODUCTS_DIR)/iChat.app/iChat";
			};
			name = Debug;
		};
		4C1B42DC25584D6B006F2482 /* Release */ = {
			isa = XCBuildConfiguration;
			baseConfigurationReference = 12D0DBA99DA63144D9AB3937 /* Pods-iChatTests.release.xcconfig */;
			buildSettings = {
				ALWAYS_EMBED_SWIFT_STANDARD_LIBRARIES = YES;
				BUNDLE_LOADER = "$(TEST_HOST)";
				CODE_SIGN_STYLE = Automatic;
				INFOPLIST_FILE = iChatTests/Info.plist;
				IPHONEOS_DEPLOYMENT_TARGET = 14.0;
				LD_RUNPATH_SEARCH_PATHS = (
					"$(inherited)",
					"@executable_path/Frameworks",
					"@loader_path/Frameworks",
				);
				PRODUCT_BUNDLE_IDENTIFIER = lestad.iChatTests;
				PRODUCT_NAME = "$(TARGET_NAME)";
				SWIFT_VERSION = 5.0;
				TARGETED_DEVICE_FAMILY = "1,2";
				TEST_HOST = "$(BUILT_PRODUCTS_DIR)/iChat.app/iChat";
			};
			name = Release;
		};
		4C1B42DE25584D6B006F2482 /* Debug */ = {
			isa = XCBuildConfiguration;
			baseConfigurationReference = ED4DE79732ECAA1F1BA16EE5 /* Pods-iChat-iChatUITests.debug.xcconfig */;
			buildSettings = {
				ALWAYS_EMBED_SWIFT_STANDARD_LIBRARIES = YES;
				CODE_SIGN_STYLE = Automatic;
				INFOPLIST_FILE = iChatUITests/Info.plist;
				LD_RUNPATH_SEARCH_PATHS = (
					"$(inherited)",
					"@executable_path/Frameworks",
					"@loader_path/Frameworks",
				);
				PRODUCT_BUNDLE_IDENTIFIER = lestad.iChatUITests;
				PRODUCT_NAME = "$(TARGET_NAME)";
				SWIFT_VERSION = 5.0;
				TARGETED_DEVICE_FAMILY = "1,2";
				TEST_TARGET_NAME = iChat;
			};
			name = Debug;
		};
		4C1B42DF25584D6B006F2482 /* Release */ = {
			isa = XCBuildConfiguration;
			baseConfigurationReference = 55763FC2C892CBF6C15176E0 /* Pods-iChat-iChatUITests.release.xcconfig */;
			buildSettings = {
				ALWAYS_EMBED_SWIFT_STANDARD_LIBRARIES = YES;
				CODE_SIGN_STYLE = Automatic;
				INFOPLIST_FILE = iChatUITests/Info.plist;
				LD_RUNPATH_SEARCH_PATHS = (
					"$(inherited)",
					"@executable_path/Frameworks",
					"@loader_path/Frameworks",
				);
				PRODUCT_BUNDLE_IDENTIFIER = lestad.iChatUITests;
				PRODUCT_NAME = "$(TARGET_NAME)";
				SWIFT_VERSION = 5.0;
				TARGETED_DEVICE_FAMILY = "1,2";
				TEST_TARGET_NAME = iChat;
			};
			name = Release;
		};
/* End XCBuildConfiguration section */

/* Begin XCConfigurationList section */
		4C1B42A825584D6A006F2482 /* Build configuration list for PBXProject "iChat" */ = {
			isa = XCConfigurationList;
			buildConfigurations = (
				4C1B42D525584D6B006F2482 /* Debug */,
				4C1B42D625584D6B006F2482 /* Release */,
			);
			defaultConfigurationIsVisible = 0;
			defaultConfigurationName = Release;
		};
		4C1B42D725584D6B006F2482 /* Build configuration list for PBXNativeTarget "iChat" */ = {
			isa = XCConfigurationList;
			buildConfigurations = (
				4C1B42D825584D6B006F2482 /* Debug */,
				4C1B42D925584D6B006F2482 /* Release */,
			);
			defaultConfigurationIsVisible = 0;
			defaultConfigurationName = Release;
		};
		4C1B42DA25584D6B006F2482 /* Build configuration list for PBXNativeTarget "iChatTests" */ = {
			isa = XCConfigurationList;
			buildConfigurations = (
				4C1B42DB25584D6B006F2482 /* Debug */,
				4C1B42DC25584D6B006F2482 /* Release */,
			);
			defaultConfigurationIsVisible = 0;
			defaultConfigurationName = Release;
		};
		4C1B42DD25584D6B006F2482 /* Build configuration list for PBXNativeTarget "iChatUITests" */ = {
			isa = XCConfigurationList;
			buildConfigurations = (
				4C1B42DE25584D6B006F2482 /* Debug */,
				4C1B42DF25584D6B006F2482 /* Release */,
			);
			defaultConfigurationIsVisible = 0;
			defaultConfigurationName = Release;
		};
/* End XCConfigurationList section */
	};
	rootObject = 4C1B42A525584D6A006F2482 /* Project object */;
}
